
Microsoft Visual Studio Solution File, Format Version 12.00
# Visual Studio Version 17
VisualStudioVersion = 17.4.33213.308
MinimumVisualStudioVersion = 10.0.40219.1
Project("{FAE04EC0-301F-11D3-BF4B-00C04F79EFBC}") = "city_building", "city_building\city_building.csproj", "{4C82E2F8-F5EA-4CAF-B3E2-6333ABC3334E}"
EndProject
Global
	GlobalSection(SolutionConfigurationPlatforms) = preSolution
		Debug|Any CPU = Debug|Any CPU
		Release|Any CPU = Release|Any CPU
	EndGlobalSection
	GlobalSection(ProjectConfigurationPlatforms) = postSolution
		{4C82E2F8-F5EA-4CAF-B3E2-6333ABC3334E}.Debug|Any CPU.ActiveCfg = Debug|Any CPU
		{4C82E2F8-F5EA-4CAF-B3E2-6333ABC3334E}.Debug|Any CPU.Build.0 = Debug|Any CPU
		{4C82E2F8-F5EA-4CAF-B3E2-6333ABC3334E}.Release|Any CPU.ActiveCfg = Release|Any CPU
		{4C82E2F8-F5EA-4CAF-B3E2-6333ABC3334E}.Release|Any CPU.Build.0 = Release|Any CPU
	EndGlobalSection
	GlobalSection(SolutionProperties) = preSolution
		HideSolutionNode = FALSE
	EndGlobalSection
	GlobalSection(ExtensibilityGlobals) = postSolution
		SolutionGuid = {66129012-C218-4C6D-ADD2-075ED8BD402B}
	EndGlobalSection
EndGlobal
